<?xml version="1.0" encoding="utf-8"?>
<Project ToolsVersion="4.0" xmlns="http://schemas.microsoft.com/developer/msbuild/2003">
  <ItemGroup>
    <Filter Include="Source Files">
      <UniqueIdentifier>{4FC737F1-C7A5-4376-A066-2A32D752A2FF}</UniqueIdentifier>
      <Extensions>cpp;c;cc;cxx;def;odl;idl;hpj;bat;asm;asmx</Extensions>
    </Filter>
    <Filter Include="Header Files">
      <UniqueIdentifier>{93995380-89BD-4b04-88EB-625FBE52EBFB}</UniqueIdentifier>
      <Extensions>h;hh;hpp;hxx;hm;inl;inc;xsd</Extensions>
    </Filter>
    <Filter Include="Resource Files">
      <UniqueIdentifier>{67DA6AB6-F800-4c08-8B7A-83BB121AAD01}</UniqueIdentifier>
      <Extensions>rc;ico;cur;bmp;dlg;rc2;rct;bin;rgs;gif;jpg;jpeg;jpe;resx;tiff;tif;png;wav;mfcribbon-ms</Extensions>
    </Filter>
    <Filter Include="Scenes">
      <UniqueIdentifier>{b8eff987-2089-4156-9364-4b1d68870cfb}</UniqueIdentifier>
    </Filter>
    <Filter Include="Scenes\Headers">
      <UniqueIdentifier>{1a332eb2-8d6c-4cf8-a4f4-11910ed27294}</UniqueIdentifier>
    </Filter>
    <Filter Include="Scenes\Source">
      <UniqueIdentifier>{f352d9ef-04c8-431c-8ef5-6b3ad889ad34}</UniqueIdentifier>
    </Filter>
  </ItemGroup>
  <ItemGroup>
    <ClCompile Include="..\src\main.cpp">
      <Filter>Source Files</Filter>
    </ClCompile>
    <ClCompile Include="..\src\SDL_SimpleApp.cpp">
      <Filter>Source Files</Filter>
    </ClCompile>
    <ClCompile Include="..\src\Agent.cpp">
      <Filter>Source Files</Filter>
    </ClCompile>
    <ClCompile Include="..\src\utils .cpp">
      <Filter>Source Files</Filter>
    </ClCompile>
    <ClCompile Include="..\src\SteeringBehavior.cpp">
      <Filter>Source Files</Filter>
    </ClCompile>
    <ClCompile Include="..\src\Image.cpp">
      <Filter>Source Files</Filter>
    </ClCompile>
    <ClCompile Include="..\src\SceneKinematicFlee.cpp">
      <Filter>Scenes\Source</Filter>
    </ClCompile>
    <ClCompile Include="..\src\SceneKinematicSeek .cpp">
      <Filter>Scenes\Source</Filter>
    </ClCompile>
    <ClCompile Include="..\src\SeekScene.cpp">
      <Filter>Scenes\Source</Filter>
    </ClCompile>
    <ClCompile Include="..\src\FleeScene.cpp">
      <Filter>Scenes\Source</Filter>
    </ClCompile>
    <ClCompile Include="..\src\ArriveScene.cpp">
      <Filter>Scenes\Source</Filter>
    </ClCompile>
    <ClCompile Include="..\src\PursueScene.cpp">
      <Filter>Scenes\Source</Filter>
    </ClCompile>
    <ClCompile Include="..\src\Line.cpp">
      <Filter>Source Files</Filter>
    </ClCompile>
    <ClCompile Include="..\src\WanderScene.cpp">
      <Filter>Scenes\Source</Filter>
    </ClCompile>
    <ClCompile Include="..\src\PathFollowingScene.cpp">
      <Filter>Scenes\Source</Filter>
    </ClCompile>
    <ClCompile Include="..\src\AdvancedPathFollowingScene.cpp">
      <Filter>Scenes\Source</Filter>
    </ClCompile>
    <ClCompile Include="..\src\FlockingScene.cpp">
      <Filter>Scenes\Source</Filter>
    </ClCompile>
    <ClCompile Include="..\src\CollisionAvoidanceScene.cpp">
      <Filter>Scenes\Source</Filter>
    </ClCompile>
    <ClCompile Include="..\src\ObstacleAvoidanceScene.cpp">
      <Filter>Scenes\Source</Filter>
    </ClCompile>
    <ClCompile Include="..\src\PerimeterAvoidanceScene.cpp">
      <Filter>Scenes\Source</Filter>
    </ClCompile>
  </ItemGroup>
  <ItemGroup>
    <ClInclude Include="..\src\SDL_SimpleApp.h">
      <Filter>Header Files</Filter>
    </ClInclude>
    <ClInclude Include="..\src\Scene.h">
      <Filter>Header Files</Filter>
    </ClInclude>
    <ClInclude Include="..\src\Agent.h">
      <Filter>Header Files</Filter>
    </ClInclude>
    <ClInclude Include="..\src\Vector2D.h">
      <Filter>Header Files</Filter>
    </ClInclude>
    <ClInclude Include="..\src\utils.h">
      <Filter>Header Files</Filter>
    </ClInclude>
    <ClInclude Include="..\src\SteeringBehavior.h">
      <Filter>Header Files</Filter>
    </ClInclude>
    <ClInclude Include="..\src\Image.h">
      <Filter>Header Files</Filter>
    </ClInclude>
    <ClInclude Include="..\src\SceneKinematicFlee.h">
      <Filter>Scenes\Headers</Filter>
    </ClInclude>
    <ClInclude Include="..\src\SceneKinematicSeek.h">
      <Filter>Scenes\Headers</Filter>
    </ClInclude>
    <ClInclude Include="..\src\FleeScene.h">
      <Filter>Scenes\Headers</Filter>
    </ClInclude>
    <ClInclude Include="..\src\SeekScene.h">
      <Filter>Scenes\Headers</Filter>
    </ClInclude>
    <ClInclude Include="..\src\ArriveScene.h">
      <Filter>Scenes\Headers</Filter>
    </ClInclude>
    <ClInclude Include="..\src\PursueScene.h">
      <Filter>Scenes\Headers</Filter>
    </ClInclude>
    <ClInclude Include="..\src\Line.h">
      <Filter>Source Files</Filter>
    </ClInclude>
    <ClInclude Include="..\src\WanderScene.h">
      <Filter>Scenes\Headers</Filter>
    </ClInclude>
    <ClInclude Include="..\src\PathFollowingScene.h">
      <Filter>Scenes\Headers</Filter>
    </ClInclude>
    <ClInclude Include="..\src\AdvancedPathFollowingScene.h">
      <Filter>Scenes\Headers</Filter>
    </ClInclude>
    <ClInclude Include="..\src\FlockingScene.h">
      <Filter>Scenes\Headers</Filter>
    </ClInclude>
    <ClInclude Include="..\src\CollisionAvoidanceScene.h">
      <Filter>Scenes\Headers</Filter>
    </ClInclude>
    <ClInclude Include="..\src\ObstacleAvoidanceScene.h">
      <Filter>Scenes\Headers</Filter>
    </ClInclude>
    <ClInclude Include="..\src\PerimeterAvoidanceScene.h">
      <Filter>Scenes\Headers</Filter>
    </ClInclude>
  </ItemGroup>
  <ItemGroup>
    <Image Include="..\res\spritesheet.png">
      <Filter>Resource Files</Filter>
    </Image>
  </ItemGroup>
</Project>